
Microsoft Visual Studio Solution File, Format Version 12.00
# Visual Studio 15
VisualStudioVersion = 15.0.28307.852
MinimumVisualStudioVersion = 10.0.40219.1
Project("{FAE04EC0-301F-11D3-BF4B-00C04F79EFBC}") = "FileDialog", "FileDialog\FileDialog.csproj", "{1768109A-6C76-43A6-97CB-290A081DEE3A}"
EndProject
Global
	GlobalSection(SolutionConfigurationPlatforms) = preSolution
		Debug|Any CPU = Debug|Any CPU
		Release|Any CPU = Release|Any CPU
	EndGlobalSection
	GlobalSection(ProjectConfigurationPlatforms) = postSolution
		{1768109A-6C76-43A6-97CB-290A081DEE3A}.Debug|Any CPU.ActiveCfg = Debug|Any CPU
		{1768109A-6C76-43A6-97CB-290A081DEE3A}.Debug|Any CPU.Build.0 = Debug|Any CPU
		{1768109A-6C76-43A6-97CB-290A081DEE3A}.Release|Any CPU.ActiveCfg = Release|Any CPU
		{1768109A-6C76-43A6-97CB-290A081DEE3A}.Release|Any CPU.Build.0 = Release|Any CPU
	EndGlobalSection
	GlobalSection(SolutionProperties) = preSolution
		HideSolutionNode = FALSE
	EndGlobalSection
	GlobalSection(ExtensibilityGlobals) = postSolution
		SolutionGuid = {E76EB54C-3DFF-4705-BD5F-3FD872FF80B7}
	EndGlobalSection
EndGlobal
